// !$*UTF8*$!
{
	archiveVersion = 1;
	classes = {
	};
	objectVersion = 50;
	objects = {

/* Begin PBXBuildFile section */
		821B5FBC24A35AC200767121 /* CodeCoverageKit.framework in Frameworks */ = {isa = PBXBuildFile; fileRef = 821B5FB224A35AC200767121 /* CodeCoverageKit.framework */; };
		821B5FC124A35AC200767121 /* CodeCoverageKitTests.swift in Sources */ = {isa = PBXBuildFile; fileRef = 821B5FC024A35AC200767121 /* CodeCoverageKitTests.swift */; };
		821B5FC324A35AC200767121 /* CodeCoverageKit.h in Headers */ = {isa = PBXBuildFile; fileRef = 821B5FB524A35AC200767121 /* CodeCoverageKit.h */; settings = {ATTRIBUTES = (Public, ); }; };
		8241C2EC24A35C6A0081FBF2 /* InstrProfiling.h in Headers */ = {isa = PBXBuildFile; fileRef = 8241C2EB24A35C6A0081FBF2 /* InstrProfiling.h */; settings = {ATTRIBUTES = (Private, ); }; };
		8266D9DE24A394FE005AF989 /* CodeCoverageManager.swift in Sources */ = {isa = PBXBuildFile; fileRef = 8266D9DD24A394FE005AF989 /* CodeCoverageManager.swift */; };
		8278E99024B850F300C94C49 /* DeviceInfo.swift in Sources */ = {isa = PBXBuildFile; fileRef = 8278E98D24B850F300C94C49 /* DeviceInfo.swift */; };
		8278E99124B850F300C94C49 /* Data+FormData.swift in Sources */ = {isa = PBXBuildFile; fileRef = 8278E98E24B850F300C94C49 /* Data+FormData.swift */; };
		8278E99224B850F300C94C49 /* Encryptor.swift in Sources */ = {isa = PBXBuildFile; fileRef = 8278E98F24B850F300C94C49 /* Encryptor.swift */; };
/* End PBXBuildFile section */

/* Begin PBXContainerItemProxy section */
		821B5FBD24A35AC200767121 /* PBXContainerItemProxy */ = {
			isa = PBXContainerItemProxy;
			containerPortal = 821B5FA924A35AC200767121 /* Project object */;
			proxyType = 1;
			remoteGlobalIDString = 821B5FB124A35AC200767121;
			remoteInfo = CodeCoverageKit;
		};
/* End PBXContainerItemProxy section */

/* Begin PBXFileReference section */
		821B5FB224A35AC200767121 /* CodeCoverageKit.framework */ = {isa = PBXFileReference; explicitFileType = wrapper.framework; includeInIndex = 0; path = CodeCoverageKit.framework; sourceTree = BUILT_PRODUCTS_DIR; };
		821B5FB524A35AC200767121 /* CodeCoverageKit.h */ = {isa = PBXFileReference; lastKnownFileType = sourcecode.c.h; path = CodeCoverageKit.h; sourceTree = "<group>"; };
		821B5FB624A35AC200767121 /* Info.plist */ = {isa = PBXFileReference; lastKnownFileType = text.plist.xml; path = Info.plist; sourceTree = "<group>"; };
		821B5FBB24A35AC200767121 /* CodeCoverageKitTests.xctest */ = {isa = PBXFileReference; explicitFileType = wrapper.cfbundle; includeInIndex = 0; path = CodeCoverageKitTests.xctest; sourceTree = BUILT_PRODUCTS_DIR; };
		821B5FC024A35AC200767121 /* CodeCoverageKitTests.swift */ = {isa = PBXFileReference; lastKnownFileType = sourcecode.swift; path = CodeCoverageKitTests.swift; sourceTree = "<group>"; };
		821B5FC224A35AC200767121 /* Info.plist */ = {isa = PBXFileReference; lastKnownFileType = text.plist.xml; path = Info.plist; sourceTree = "<group>"; };
		8241C2EB24A35C6A0081FBF2 /* InstrProfiling.h */ = {isa = PBXFileReference; lastKnownFileType = sourcecode.c.h; path = InstrProfiling.h; sourceTree = "<group>"; };
		8241C2F224A360560081FBF2 /* Package.swift */ = {isa = PBXFileReference; fileEncoding = 4; lastKnownFileType = sourcecode.swift; path = Package.swift; sourceTree = "<group>"; };
		8266D9DD24A394FE005AF989 /* CodeCoverageManager.swift */ = {isa = PBXFileReference; fileEncoding = 4; lastKnownFileType = sourcecode.swift; path = CodeCoverageManager.swift; sourceTree = "<group>"; };
		8278E98D24B850F300C94C49 /* DeviceInfo.swift */ = {isa = PBXFileReference; fileEncoding = 4; lastKnownFileType = sourcecode.swift; path = DeviceInfo.swift; sourceTree = "<group>"; };
		8278E98E24B850F300C94C49 /* Data+FormData.swift */ = {isa = PBXFileReference; fileEncoding = 4; lastKnownFileType = sourcecode.swift; path = "Data+FormData.swift"; sourceTree = "<group>"; };
		8278E98F24B850F300C94C49 /* Encryptor.swift */ = {isa = PBXFileReference; fileEncoding = 4; lastKnownFileType = sourcecode.swift; path = Encryptor.swift; sourceTree = "<group>"; };
		82DB965724A35BAD003A3A9C /* module.modulemap */ = {isa = PBXFileReference; lastKnownFileType = "sourcecode.module-map"; path = module.modulemap; sourceTree = "<group>"; };
/* End PBXFileReference section */

/* Begin PBXFrameworksBuildPhase section */
		821B5FAF24A35AC200767121 /* Frameworks */ = {
			isa = PBXFrameworksBuildPhase;
			buildActionMask = 2147483647;
			files = (
			);
			runOnlyForDeploymentPostprocessing = 0;
		};
		821B5FB824A35AC200767121 /* Frameworks */ = {
			isa = PBXFrameworksBuildPhase;
			buildActionMask = 2147483647;
			files = (
				821B5FBC24A35AC200767121 /* CodeCoverageKit.framework in Frameworks */,
			);
			runOnlyForDeploymentPostprocessing = 0;
		};
/* End PBXFrameworksBuildPhase section */

/* Begin PBXGroup section */
		821B5FA824A35AC200767121 = {
			isa = PBXGroup;
			children = (
				8241C2F224A360560081FBF2 /* Package.swift */,
				8241C2ED24A35CB50081FBF2 /* Sources */,
				821B5FBF24A35AC200767121 /* CodeCoverageKitTests */,
				821B5FB324A35AC200767121 /* Products */,
			);
			sourceTree = "<group>";
		};
		821B5FB324A35AC200767121 /* Products */ = {
			isa = PBXGroup;
			children = (
				821B5FB224A35AC200767121 /* CodeCoverageKit.framework */,
				821B5FBB24A35AC200767121 /* CodeCoverageKitTests.xctest */,
			);
			name = Products;
			sourceTree = "<group>";
		};
		821B5FBF24A35AC200767121 /* CodeCoverageKitTests */ = {
			isa = PBXGroup;
			children = (
				821B5FC024A35AC200767121 /* CodeCoverageKitTests.swift */,
				821B5FC224A35AC200767121 /* Info.plist */,
			);
			path = CodeCoverageKitTests;
			sourceTree = "<group>";
		};
		8241C2E924A35C320081FBF2 /* InstrProfiling */ = {
			isa = PBXGroup;
			children = (
				8241C2EA24A35C470081FBF2 /* include */,
			);
			path = InstrProfiling;
			sourceTree = "<group>";
		};
		8241C2EA24A35C470081FBF2 /* include */ = {
			isa = PBXGroup;
			children = (
				8241C2EB24A35C6A0081FBF2 /* InstrProfiling.h */,
			);
			path = include;
			sourceTree = "<group>";
		};
		8241C2ED24A35CB50081FBF2 /* Sources */ = {
			isa = PBXGroup;
			children = (
				8241C2E924A35C320081FBF2 /* InstrProfiling */,
				8266D9DD24A394FE005AF989 /* CodeCoverageManager.swift */,
				8278E98E24B850F300C94C49 /* Data+FormData.swift */,
				8278E98D24B850F300C94C49 /* DeviceInfo.swift */,
				8278E98F24B850F300C94C49 /* Encryptor.swift */,
				821B5FB524A35AC200767121 /* CodeCoverageKit.h */,
				82DB965724A35BAD003A3A9C /* module.modulemap */,
				821B5FB624A35AC200767121 /* Info.plist */,
			);
			path = Sources;
			sourceTree = "<group>";
		};
/* End PBXGroup section */

/* Begin PBXHeadersBuildPhase section */
		821B5FAD24A35AC200767121 /* Headers */ = {
			isa = PBXHeadersBuildPhase;
			buildActionMask = 2147483647;
			files = (
				821B5FC324A35AC200767121 /* CodeCoverageKit.h in Headers */,
				8241C2EC24A35C6A0081FBF2 /* InstrProfiling.h in Headers */,
			);
			runOnlyForDeploymentPostprocessing = 0;
		};
/* End PBXHeadersBuildPhase section */

/* Begin PBXNativeTarget section */
		821B5FB124A35AC200767121 /* CodeCoverageKit */ = {
			isa = PBXNativeTarget;
			buildConfigurationList = 821B5FC624A35AC200767121 /* Build configuration list for PBXNativeTarget "CodeCoverageKit" */;
			buildPhases = (
				821B5FAD24A35AC200767121 /* Headers */,
				821B5FAE24A35AC200767121 /* Sources */,
				821B5FAF24A35AC200767121 /* Frameworks */,
				821B5FB024A35AC200767121 /* Resources */,
			);
			buildRules = (
			);
			dependencies = (
			);
			name = CodeCoverageKit;
			productName = CodeCoverageKit;
			productReference = 821B5FB224A35AC200767121 /* CodeCoverageKit.framework */;
			productType = "com.apple.product-type.framework";
		};
		821B5FBA24A35AC200767121 /* CodeCoverageKitTests */ = {
			isa = PBXNativeTarget;
			buildConfigurationList = 821B5FC924A35AC200767121 /* Build configuration list for PBXNativeTarget "CodeCoverageKitTests" */;
			buildPhases = (
				821B5FB724A35AC200767121 /* Sources */,
				821B5FB824A35AC200767121 /* Frameworks */,
				821B5FB924A35AC200767121 /* Resources */,
			);
			buildRules = (
			);
			dependencies = (
				821B5FBE24A35AC200767121 /* PBXTargetDependency */,
			);
			name = CodeCoverageKitTests;
			productName = CodeCoverageKitTests;
			productReference = 821B5FBB24A35AC200767121 /* CodeCoverageKitTests.xctest */;
			productType = "com.apple.product-type.bundle.unit-test";
		};
/* End PBXNativeTarget section */

/* Begin PBXProject section */
		821B5FA924A35AC200767121 /* Project object */ = {
			isa = PBXProject;
			attributes = {
				LastSwiftUpdateCheck = 1150;
				LastUpgradeCheck = 1150;
				ORGANIZATIONNAME = Lision;
				TargetAttributes = {
					821B5FB124A35AC200767121 = {
						CreatedOnToolsVersion = 11.5;
						LastSwiftMigration = 1150;
					};
					821B5FBA24A35AC200767121 = {
						CreatedOnToolsVersion = 11.5;
					};
				};
			};
			buildConfigurationList = 821B5FAC24A35AC200767121 /* Build configuration list for PBXProject "CodeCoverageKit" */;
			compatibilityVersion = "Xcode 9.3";
			developmentRegion = en;
			hasScannedForEncodings = 0;
			knownRegions = (
				en,
				Base,
			);
			mainGroup = 821B5FA824A35AC200767121;
			productRefGroup = 821B5FB324A35AC200767121 /* Products */;
			projectDirPath = "";
			projectRoot = "";
			targets = (
				821B5FB124A35AC200767121 /* CodeCoverageKit */,
				821B5FBA24A35AC200767121 /* CodeCoverageKitTests */,
			);
		};
/* End PBXProject section */

/* Begin PBXResourcesBuildPhase section */
		821B5FB024A35AC200767121 /* Resources */ = {
			isa = PBXResourcesBuildPhase;
			buildActionMask = 2147483647;
			files = (
			);
			runOnlyForDeploymentPostprocessing = 0;
		};
		821B5FB924A35AC200767121 /* Resources */ = {
			isa = PBXResourcesBuildPhase;
			buildActionMask = 2147483647;
			files = (
			);
			runOnlyForDeploymentPostprocessing = 0;
		};
/* End PBXResourcesBuildPhase section */

/* Begin PBXSourcesBuildPhase section */
		821B5FAE24A35AC200767121 /* Sources */ = {
			isa = PBXSourcesBuildPhase;
			buildActionMask = 2147483647;
			files = (
				8278E99224B850F300C94C49 /* Encryptor.swift in Sources */,
				8266D9DE24A394FE005AF989 /* CodeCoverageManager.swift in Sources */,
				8278E99124B850F300C94C49 /* Data+FormData.swift in Sources */,
				8278E99024B850F300C94C49 /* DeviceInfo.swift in Sources */,
			);
			runOnlyForDeploymentPostprocessing = 0;
		};
		821B5FB724A35AC200767121 /* Sources */ = {
			isa = PBXSourcesBuildPhase;
			buildActionMask = 2147483647;
			files = (
				821B5FC124A35AC200767121 /* CodeCoverageKitTests.swift in Sources */,
			);
			runOnlyForDeploymentPostprocessing = 0;
		};
/* End PBXSourcesBuildPhase section */

/* Begin PBXTargetDependency section */
		821B5FBE24A35AC200767121 /* PBXTargetDependency */ = {
			isa = PBXTargetDependency;
			target = 821B5FB124A35AC200767121 /* CodeCoverageKit */;
			targetProxy = 821B5FBD24A35AC200767121 /* PBXContainerItemProxy */;
		};
/* End PBXTargetDependency section */

/* Begin XCBuildConfiguration section */
		821B5FC424A35AC200767121 /* Debug */ = {
			isa = XCBuildConfiguration;
			buildSettings = {
				ALWAYS_SEARCH_USER_PATHS = NO;
				CLANG_ANALYZER_NONNULL = YES;
				CLANG_ANALYZER_NUMBER_OBJECT_CONVERSION = YES_AGGRESSIVE;
				CLANG_CXX_LANGUAGE_STANDARD = "gnu++14";
				CLANG_CXX_LIBRARY = "libc++";
				CLANG_ENABLE_MODULES = YES;
				CLANG_ENABLE_OBJC_ARC = YES;
				CLANG_ENABLE_OBJC_WEAK = YES;
				CLANG_WARN_BLOCK_CAPTURE_AUTORELEASING = YES;
				CLANG_WARN_BOOL_CONVERSION = YES;
				CLANG_WARN_COMMA = YES;
				CLANG_WARN_CONSTANT_CONVERSION = YES;
				CLANG_WARN_DEPRECATED_OBJC_IMPLEMENTATIONS = YES;
				CLANG_WARN_DIRECT_OBJC_ISA_USAGE = YES_ERROR;
				CLANG_WARN_DOCUMENTATION_COMMENTS = YES;
				CLANG_WARN_EMPTY_BODY = YES;
				CLANG_WARN_ENUM_CONVERSION = YES;
				CLANG_WARN_INFINITE_RECURSION = YES;
				CLANG_WARN_INT_CONVERSION = YES;
				CLANG_WARN_NON_LITERAL_NULL_CONVERSION = YES;
				CLANG_WARN_OBJC_IMPLICIT_RETAIN_SELF = YES;
				CLANG_WARN_OBJC_LITERAL_CONVERSION = YES;
				CLANG_WARN_OBJC_ROOT_CLASS = YES_ERROR;
				CLANG_WARN_RANGE_LOOP_ANALYSIS = YES;
				CLANG_WARN_STRICT_PROTOTYPES = YES;
				CLANG_WARN_SUSPICIOUS_MOVE = YES;
				CLANG_WARN_UNGUARDED_AVAILABILITY = YES_AGGRESSIVE;
				CLANG_WARN_UNREACHABLE_CODE = YES;
				CLANG_WARN__DUPLICATE_METHOD_MATCH = YES;
				COPY_PHASE_STRIP = NO;
				CURRENT_PROJECT_VERSION = 1;
				DEBUG_INFORMATION_FORMAT = dwarf;
				ENABLE_STRICT_OBJC_MSGSEND = YES;
				ENABLE_TESTABILITY = YES;
				GCC_C_LANGUAGE_STANDARD = gnu11;
				GCC_DYNAMIC_NO_PIC = NO;
				GCC_NO_COMMON_BLOCKS = YES;
				GCC_OPTIMIZATION_LEVEL = 0;
				GCC_PREPROCESSOR_DEFINITIONS = (
					"DEBUG=1",
					"$(inherited)",
				);
				GCC_WARN_64_TO_32_BIT_CONVERSION = YES;
				GCC_WARN_ABOUT_RETURN_TYPE = YES_ERROR;
				GCC_WARN_UNDECLARED_SELECTOR = YES;
				GCC_WARN_UNINITIALIZED_AUTOS = YES_AGGRESSIVE;
				GCC_WARN_UNUSED_FUNCTION = YES;
				GCC_WARN_UNUSED_VARIABLE = YES;
				IPHONEOS_DEPLOYMENT_TARGET = 13.5;
				MTL_ENABLE_DEBUG_INFO = INCLUDE_SOURCE;
				MTL_FAST_MATH = YES;
				ONLY_ACTIVE_ARCH = YES;
				SDKROOT = iphoneos;
				SWIFT_ACTIVE_COMPILATION_CONDITIONS = DEBUG;
				SWIFT_OPTIMIZATION_LEVEL = "-Onone";
				VERSIONING_SYSTEM = "apple-generic";
				VERSION_INFO_PREFIX = "";
			};
			name = Debug;
		};
		821B5FC524A35AC200767121 /* Release */ = {
			isa = XCBuildConfiguration;
			buildSettings = {
				ALWAYS_SEARCH_USER_PATHS = NO;
				CLANG_ANALYZER_NONNULL = YES;
				CLANG_ANALYZER_NUMBER_OBJECT_CONVERSION = YES_AGGRESSIVE;
				CLANG_CXX_LANGUAGE_STANDARD = "gnu++14";
				CLANG_CXX_LIBRARY = "libc++";
				CLANG_ENABLE_MODULES = YES;
				CLANG_ENABLE_OBJC_ARC = YES;
				CLANG_ENABLE_OBJC_WEAK = YES;
				CLANG_WARN_BLOCK_CAPTURE_AUTORELEASING = YES;
				CLANG_WARN_BOOL_CONVERSION = YES;
				CLANG_WARN_COMMA = YES;
				CLANG_WARN_CONSTANT_CONVERSION = YES;
				CLANG_WARN_DEPRECATED_OBJC_IMPLEMENTATIONS = YES;
				CLANG_WARN_DIRECT_OBJC_ISA_USAGE = YES_ERROR;
				CLANG_WARN_DOCUMENTATION_COMMENTS = YES;
				CLANG_WARN_EMPTY_BODY = YES;
				CLANG_WARN_ENUM_CONVERSION = YES;
				CLANG_WARN_INFINITE_RECURSION = YES;
				CLANG_WARN_INT_CONVERSION = YES;
				CLANG_WARN_NON_LITERAL_NULL_CONVERSION = YES;
				CLANG_WARN_OBJC_IMPLICIT_RETAIN_SELF = YES;
				CLANG_WARN_OBJC_LITERAL_CONVERSION = YES;
				CLANG_WARN_OBJC_ROOT_CLASS = YES_ERROR;
				CLANG_WARN_RANGE_LOOP_ANALYSIS = YES;
				CLANG_WARN_STRICT_PROTOTYPES = YES;
				CLANG_WARN_SUSPICIOUS_MOVE = YES;
				CLANG_WARN_UNGUARDED_AVAILABILITY = YES_AGGRESSIVE;
				CLANG_WARN_UNREACHABLE_CODE = YES;
				CLANG_WARN__DUPLICATE_METHOD_MATCH = YES;
				COPY_PHASE_STRIP = NO;
				CURRENT_PROJECT_VERSION = 1;
				DEBUG_INFORMATION_FORMAT = "dwarf-with-dsym";
				ENABLE_NS_ASSERTIONS = NO;
				ENABLE_STRICT_OBJC_MSGSEND = YES;
				GCC_C_LANGUAGE_STANDARD = gnu11;
				GCC_NO_COMMON_BLOCKS = YES;
				GCC_WARN_64_TO_32_BIT_CONVERSION = YES;
				GCC_WARN_ABOUT_RETURN_TYPE = YES_ERROR;
				GCC_WARN_UNDECLARED_SELECTOR = YES;
				GCC_WARN_UNINITIALIZED_AUTOS = YES_AGGRESSIVE;
				GCC_WARN_UNUSED_FUNCTION = YES;
				GCC_WARN_UNUSED_VARIABLE = YES;
				IPHONEOS_DEPLOYMENT_TARGET = 13.5;
				MTL_ENABLE_DEBUG_INFO = NO;
				MTL_FAST_MATH = YES;
				SDKROOT = iphoneos;
				SWIFT_COMPILATION_MODE = wholemodule;
				SWIFT_OPTIMIZATION_LEVEL = "-O";
				VALIDATE_PRODUCT = YES;
				VERSIONING_SYSTEM = "apple-generic";
				VERSION_INFO_PREFIX = "";
			};
			name = Release;
		};
		821B5FC724A35AC200767121 /* Debug */ = {
			isa = XCBuildConfiguration;
			buildSettings = {
				CLANG_ENABLE_MODULES = YES;
				CODE_SIGN_STYLE = Automatic;
				DEFINES_MODULE = YES;
				DYLIB_COMPATIBILITY_VERSION = 1;
				DYLIB_CURRENT_VERSION = 1;
				DYLIB_INSTALL_NAME_BASE = "@rpath";
				INFOPLIST_FILE = Sources/Info.plist;
				INSTALL_PATH = "$(LOCAL_LIBRARY_DIR)/Frameworks";
				IPHONEOS_DEPLOYMENT_TARGET = 9.0;
				LD_RUNPATH_SEARCH_PATHS = (
					"$(inherited)",
					"@executable_path/Frameworks",
					"@loader_path/Frameworks",
				);
				MODULEMAP_FILE = "${PROJECT_DIR}/Sources/module.modulemap";
				MODULEMAP_PRIVATE_FILE = "${PROJECT_DIR}/Sources/module.modulemap";
				OTHER_CFLAGS = (
					"-fprofile-instr-generate",
					"-fcoverage-mapping",
				);
				OTHER_LDFLAGS = (
					"-fprofile-instr-generate",
					"-fcoverage-mapping",
				);
				OTHER_SWIFT_FLAGS = "-profile-generate -profile-coverage-mapping";
				PRODUCT_BUNDLE_IDENTIFIER = com.Lision.CodeCoverageKit;
				PRODUCT_NAME = "$(TARGET_NAME:c99extidentifier)";
				SKIP_INSTALL = YES;
				SWIFT_OPTIMIZATION_LEVEL = "-Onone";
				SWIFT_VERSION = 5.0;
				TARGETED_DEVICE_FAMILY = "1,2";
			};
			name = Debug;
		};
		821B5FC824A35AC200767121 /* Release */ = {
			isa = XCBuildConfiguration;
			buildSettings = {
				CLANG_ENABLE_MODULES = YES;
				CODE_SIGN_STYLE = Automatic;
				DEFINES_MODULE = YES;
				DYLIB_COMPATIBILITY_VERSION = 1;
				DYLIB_CURRENT_VERSION = 1;
				DYLIB_INSTALL_NAME_BASE = "@rpath";
				INFOPLIST_FILE = Sources/Info.plist;
				INSTALL_PATH = "$(LOCAL_LIBRARY_DIR)/Frameworks";
				IPHONEOS_DEPLOYMENT_TARGET = 9.0;
				LD_RUNPATH_SEARCH_PATHS = (
					"$(inherited)",
					"@executable_path/Frameworks",
					"@loader_path/Frameworks",
				);
				MODULEMAP_FILE = "${PROJECT_DIR}/Sources/module.modulemap";
				MODULEMAP_PRIVATE_FILE = "${PROJECT_DIR}/Sources/module.modulemap";
				OTHER_CFLAGS = (
					"-fprofile-instr-generate",
					"-fcoverage-mapping",
				);
				OTHER_LDFLAGS = (
					"-fprofile-instr-generate",
					"-fcoverage-mapping",
				);
				OTHER_SWIFT_FLAGS = "-profile-generate -profile-coverage-mapping";
				PRODUCT_BUNDLE_IDENTIFIER = com.Lision.CodeCoverageKit;
				PRODUCT_NAME = "$(TARGET_NAME:c99extidentifier)";
				SKIP_INSTALL = YES;
				SWIFT_VERSION = 5.0;
				TARGETED_DEVICE_FAMILY = "1,2";
			};
			name = Release;
		};
		821B5FCA24A35AC200767121 /* Debug */ = {
			isa = XCBuildConfiguration;
			buildSettings = {
				ALWAYS_EMBED_SWIFT_STANDARD_LIBRARIES = YES;
				CODE_SIGN_STYLE = Automatic;
				INFOPLIST_FILE = CodeCoverageKitTests/Info.plist;
				LD_RUNPATH_SEARCH_PATHS = (
					"$(inherited)",
					"@executable_path/Frameworks",
					"@loader_path/Frameworks",
				);
				PRODUCT_BUNDLE_IDENTIFIER = com.Lision.CodeCoverageKitTests;
				PRODUCT_NAME = "$(TARGET_NAME)";
				SWIFT_VERSION = 5.0;
				TARGETED_DEVICE_FAMILY = "1,2";
			};
			name = Debug;
		};
		821B5FCB24A35AC200767121 /* Release */ = {
			isa = XCBuildConfiguration;
			buildSettings = {
				ALWAYS_EMBED_SWIFT_STANDARD_LIBRARIES = YES;
				CODE_SIGN_STYLE = Automatic;
				INFOPLIST_FILE = CodeCoverageKitTests/Info.plist;
				LD_RUNPATH_SEARCH_PATHS = (
					"$(inherited)",
					"@executable_path/Frameworks",
					"@loader_path/Frameworks",
				);
				PRODUCT_BUNDLE_IDENTIFIER = com.Lision.CodeCoverageKitTests;
				PRODUCT_NAME = "$(TARGET_NAME)";
				SWIFT_VERSION = 5.0;
				TARGETED_DEVICE_FAMILY = "1,2";
			};
			name = Release;
		};
/* End XCBuildConfiguration section */

/* Begin XCConfigurationList section */
		821B5FAC24A35AC200767121 /* Build configuration list for PBXProject "CodeCoverageKit" */ = {
			isa = XCConfigurationList;
			buildConfigurations = (
				821B5FC424A35AC200767121 /* Debug */,
				821B5FC524A35AC200767121 /* Release */,
			);
			defaultConfigurationIsVisible = 0;
			defaultConfigurationName = Release;
		};
		821B5FC624A35AC200767121 /* Build configuration list for PBXNativeTarget "CodeCoverageKit" */ = {
			isa = XCConfigurationList;
			buildConfigurations = (
				821B5FC724A35AC200767121 /* Debug */,
				821B5FC824A35AC200767121 /* Release */,
			);
			defaultConfigurationIsVisible = 0;
			defaultConfigurationName = Release;
		};
		821B5FC924A35AC200767121 /* Build configuration list for PBXNativeTarget "CodeCoverageKitTests" */ = {
			isa = XCConfigurationList;
			buildConfigurations = (
				821B5FCA24A35AC200767121 /* Debug */,
				821B5FCB24A35AC200767121 /* Release */,
			);
			defaultConfigurationIsVisible = 0;
			defaultConfigurationName = Release;
		};
/* End XCConfigurationList section */
	};
	rootObject = 821B5FA924A35AC200767121 /* Project object */;
}
